
Microsoft Visual Studio Solution File, Format Version 12.00
# Visual Studio 2013
VisualStudioVersion = 12.0.31101.0
MinimumVisualStudioVersion = 10.0.40219.1
Project("{FAE04EC0-301F-11D3-BF4B-00C04F79EFBC}") = "DejaTunes.Core", "DejaTunes.Core\DejaTunes.Core.csproj", "{A673C07A-E7B7-4C70-918C-1BEE7B2C4AF0}"
EndProject
Project("{FAE04EC0-301F-11D3-BF4B-00C04F79EFBC}") = "DejaTunes.Tests", "DejaTunes.Tests\DejaTunes.Tests.csproj", "{51AC0080-160A-44C9-B0A9-B500A21A087A}"
EndProject
Project("{FAE04EC0-301F-11D3-BF4B-00C04F79EFBC}") = "DejaTunes.Utilities", "DejaTunes.Utilities\DejaTunes.Utilities.csproj", "{BA69D7F7-4DF3-404E-A5CD-FCD4B745F5D3}"
EndProject
Project("{FAE04EC0-301F-11D3-BF4B-00C04F79EFBC}") = "DejaTunes.UI.WPF", "DejaTunes.UI.WPF\DejaTunes.UI.WPF.csproj", "{9978F10E-8458-4E50-9D21-DB4C2FD67F89}"
EndProject
Global
	GlobalSection(SolutionConfigurationPlatforms) = preSolution
		Debug|Any CPU = Debug|Any CPU
		Release|Any CPU = Release|Any CPU
	EndGlobalSection
	GlobalSection(ProjectConfigurationPlatforms) = postSolution
		{A673C07A-E7B7-4C70-918C-1BEE7B2C4AF0}.Debug|Any CPU.ActiveCfg = Debug|Any CPU
		{A673C07A-E7B7-4C70-918C-1BEE7B2C4AF0}.Debug|Any CPU.Build.0 = Debug|Any CPU
		{A673C07A-E7B7-4C70-918C-1BEE7B2C4AF0}.Release|Any CPU.ActiveCfg = Release|Any CPU
		{A673C07A-E7B7-4C70-918C-1BEE7B2C4AF0}.Release|Any CPU.Build.0 = Release|Any CPU
		{51AC0080-160A-44C9-B0A9-B500A21A087A}.Debug|Any CPU.ActiveCfg = Debug|Any CPU
		{51AC0080-160A-44C9-B0A9-B500A21A087A}.Debug|Any CPU.Build.0 = Debug|Any CPU
		{51AC0080-160A-44C9-B0A9-B500A21A087A}.Release|Any CPU.ActiveCfg = Release|Any CPU
		{51AC0080-160A-44C9-B0A9-B500A21A087A}.Release|Any CPU.Build.0 = Release|Any CPU
		{BA69D7F7-4DF3-404E-A5CD-FCD4B745F5D3}.Debug|Any CPU.ActiveCfg = Debug|Any CPU
		{BA69D7F7-4DF3-404E-A5CD-FCD4B745F5D3}.Debug|Any CPU.Build.0 = Debug|Any CPU
		{BA69D7F7-4DF3-404E-A5CD-FCD4B745F5D3}.Release|Any CPU.ActiveCfg = Release|Any CPU
		{BA69D7F7-4DF3-404E-A5CD-FCD4B745F5D3}.Release|Any CPU.Build.0 = Release|Any CPU
		{9978F10E-8458-4E50-9D21-DB4C2FD67F89}.Debug|Any CPU.ActiveCfg = Debug|Any CPU
		{9978F10E-8458-4E50-9D21-DB4C2FD67F89}.Debug|Any CPU.Build.0 = Debug|Any CPU
		{9978F10E-8458-4E50-9D21-DB4C2FD67F89}.Release|Any CPU.ActiveCfg = Release|Any CPU
		{9978F10E-8458-4E50-9D21-DB4C2FD67F89}.Release|Any CPU.Build.0 = Release|Any CPU
	EndGlobalSection
	GlobalSection(SolutionProperties) = preSolution
		HideSolutionNode = FALSE
	EndGlobalSection
EndGlobal
